
Microsoft Visual Studio Solution File, Format Version 12.00
# Visual Studio Version 16
VisualStudioVersion = 16.0.31424.327
MinimumVisualStudioVersion = 10.0.40219.1
Project("{FAE04EC0-301F-11D3-BF4B-00C04F79EFBC}") = "RockPaperScissors", "RockPaperScissors\RockPaperScissors.csproj", "{A3479F23-E577-41B8-BD5D-60B43F1A26AA}"
EndProject
Global
	GlobalSection(SolutionConfigurationPlatforms) = preSolution
		Debug|Any CPU = Debug|Any CPU
		Release|Any CPU = Release|Any CPU
	EndGlobalSection
	GlobalSection(ProjectConfigurationPlatforms) = postSolution
		{A3479F23-E577-41B8-BD5D-60B43F1A26AA}.Debug|Any CPU.ActiveCfg = Debug|Any CPU
		{A3479F23-E577-41B8-BD5D-60B43F1A26AA}.Debug|Any CPU.Build.0 = Debug|Any CPU
		{A3479F23-E577-41B8-BD5D-60B43F1A26AA}.Release|Any CPU.ActiveCfg = Release|Any CPU
		{A3479F23-E577-41B8-BD5D-60B43F1A26AA}.Release|Any CPU.Build.0 = Release|Any CPU
	EndGlobalSection
	GlobalSection(SolutionProperties) = preSolution
		HideSolutionNode = FALSE
	EndGlobalSection
	GlobalSection(ExtensibilityGlobals) = postSolution
		SolutionGuid = {D8B967CF-EA9E-4726-B46D-721C44BDB2B9}
	EndGlobalSection
EndGlobal
